
Microsoft Visual Studio Solution File, Format Version 12.00
# Visual Studio Version 17
VisualStudioVersion = 17.5.33516.290
MinimumVisualStudioVersion = 10.0.40219.1
Project("{FAE04EC0-301F-11D3-BF4B-00C04F79EFBC}") = "ShowKeyName", "ShowKeyName.csproj", "{BAFADADA-D06E-4BB2-8116-8A2C6716B925}"
EndProject
Global
	GlobalSection(SolutionConfigurationPlatforms) = preSolution
		Debug|Any CPU = Debug|Any CPU
		Release|Any CPU = Release|Any CPU
	EndGlobalSection
	GlobalSection(ProjectConfigurationPlatforms) = postSolution
		{BAFADADA-D06E-4BB2-8116-8A2C6716B925}.Debug|Any CPU.ActiveCfg = Debug|Any CPU
		{BAFADADA-D06E-4BB2-8116-8A2C6716B925}.Debug|Any CPU.Build.0 = Debug|Any CPU
		{BAFADADA-D06E-4BB2-8116-8A2C6716B925}.Release|Any CPU.ActiveCfg = Release|Any CPU
		{BAFADADA-D06E-4BB2-8116-8A2C6716B925}.Release|Any CPU.Build.0 = Release|Any CPU
	EndGlobalSection
	GlobalSection(SolutionProperties) = preSolution
		HideSolutionNode = FALSE
	EndGlobalSection
	GlobalSection(ExtensibilityGlobals) = postSolution
		SolutionGuid = {AFA98BA6-7A63-4BA7-8635-533F0CF53B6A}
	EndGlobalSection
EndGlobal
